
Microsoft Visual Studio Solution File, Format Version 12.00
# Visual Studio Version 17
VisualStudioVersion = 17.1.32210.238
MinimumVisualStudioVersion = 10.0.40219.1
Project("{54A90642-561A-4BB1-A94E-469ADEE60C69}") = "ReactAccessibilityTesting", "ReactAccessibilityTesting\ReactAccessibilityTesting.esproj", "{C0FC63AA-36FF-469E-A5F6-5FE6E9C4432E}"
EndProject
Global
	GlobalSection(SolutionConfigurationPlatforms) = preSolution
		Debug|Any CPU = Debug|Any CPU
		Release|Any CPU = Release|Any CPU
	EndGlobalSection
	GlobalSection(ProjectConfigurationPlatforms) = postSolution
		{C0FC63AA-36FF-469E-A5F6-5FE6E9C4432E}.Debug|Any CPU.ActiveCfg = Debug|Any CPU
		{C0FC63AA-36FF-469E-A5F6-5FE6E9C4432E}.Debug|Any CPU.Build.0 = Debug|Any CPU
		{C0FC63AA-36FF-469E-A5F6-5FE6E9C4432E}.Debug|Any CPU.Deploy.0 = Debug|Any CPU
		{C0FC63AA-36FF-469E-A5F6-5FE6E9C4432E}.Release|Any CPU.ActiveCfg = Release|Any CPU
		{C0FC63AA-36FF-469E-A5F6-5FE6E9C4432E}.Release|Any CPU.Build.0 = Release|Any CPU
		{C0FC63AA-36FF-469E-A5F6-5FE6E9C4432E}.Release|Any CPU.Deploy.0 = Release|Any CPU
	EndGlobalSection
	GlobalSection(SolutionProperties) = preSolution
		HideSolutionNode = FALSE
	EndGlobalSection
	GlobalSection(ExtensibilityGlobals) = postSolution
		SolutionGuid = {66253FCF-B9F8-4AA7-8266-884A2BF788B4}
	EndGlobalSection
EndGlobal
